
Microsoft Visual Studio Solution File, Format Version 12.00
# Visual Studio Version 17
VisualStudioVersion = 17.4.33110.190
MinimumVisualStudioVersion = 10.0.40219.1
Project("{9A19103F-16F7-4668-BE54-9A1E7A4F7556}") = "CybertoothTiger", "CybertoothTiger\CybertoothTiger.csproj", "{2E471832-7C08-47A7-B725-B4C913D87D7C}"
EndProject
Global
	GlobalSection(SolutionConfigurationPlatforms) = preSolution
		Debug|Any CPU = Debug|Any CPU
		Debug|ARM64 = Debug|ARM64
		Debug|x64 = Debug|x64
		Release|Any CPU = Release|Any CPU
		Release|ARM64 = Release|ARM64
		Release|x64 = Release|x64
	EndGlobalSection
	GlobalSection(ProjectConfigurationPlatforms) = postSolution
		{2E471832-7C08-47A7-B725-B4C913D87D7C}.Debug|Any CPU.ActiveCfg = Debug|ARM64
		{2E471832-7C08-47A7-B725-B4C913D87D7C}.Debug|Any CPU.Build.0 = Debug|ARM64
		{2E471832-7C08-47A7-B725-B4C913D87D7C}.Debug|ARM64.ActiveCfg = Debug|ARM64
		{2E471832-7C08-47A7-B725-B4C913D87D7C}.Debug|ARM64.Build.0 = Debug|ARM64
		{2E471832-7C08-47A7-B725-B4C913D87D7C}.Debug|x64.ActiveCfg = Debug|ARM64
		{2E471832-7C08-47A7-B725-B4C913D87D7C}.Debug|x64.Build.0 = Debug|ARM64
		{2E471832-7C08-47A7-B725-B4C913D87D7C}.Release|Any CPU.ActiveCfg = Release|Any CPU
		{2E471832-7C08-47A7-B725-B4C913D87D7C}.Release|Any CPU.Build.0 = Release|Any CPU
		{2E471832-7C08-47A7-B725-B4C913D87D7C}.Release|ARM64.ActiveCfg = Release|ARM64
		{2E471832-7C08-47A7-B725-B4C913D87D7C}.Release|ARM64.Build.0 = Release|ARM64
		{2E471832-7C08-47A7-B725-B4C913D87D7C}.Release|x64.ActiveCfg = Release|x64
		{2E471832-7C08-47A7-B725-B4C913D87D7C}.Release|x64.Build.0 = Release|x64
	EndGlobalSection
	GlobalSection(SolutionProperties) = preSolution
		HideSolutionNode = FALSE
	EndGlobalSection
	GlobalSection(ExtensibilityGlobals) = postSolution
		SolutionGuid = {F7A25118-9B01-4DD4-92BB-0D08E1CA2D47}
	EndGlobalSection
EndGlobal
